
Microsoft Visual Studio Solution File, Format Version 12.00
# Visual Studio Version 17
VisualStudioVersion = 17.9.34728.123
MinimumVisualStudioVersion = 10.0.40219.1
Project("{FAE04EC0-301F-11D3-BF4B-00C04F79EFBC}") = "IniSharp", "IniSharp\IniSharp.csproj", "{328133AA-B2ED-464C-BC52-9F14ECF2870F}"
EndProject
Global
	GlobalSection(SolutionConfigurationPlatforms) = preSolution
		Debug|Any CPU = Debug|Any CPU
		Release|Any CPU = Release|Any CPU
	EndGlobalSection
	GlobalSection(ProjectConfigurationPlatforms) = postSolution
		{328133AA-B2ED-464C-BC52-9F14ECF2870F}.Debug|Any CPU.ActiveCfg = Debug|Any CPU
		{328133AA-B2ED-464C-BC52-9F14ECF2870F}.Debug|Any CPU.Build.0 = Debug|Any CPU
		{328133AA-B2ED-464C-BC52-9F14ECF2870F}.Release|Any CPU.ActiveCfg = Release|Any CPU
		{328133AA-B2ED-464C-BC52-9F14ECF2870F}.Release|Any CPU.Build.0 = Release|Any CPU
	EndGlobalSection
	GlobalSection(SolutionProperties) = preSolution
		HideSolutionNode = FALSE
	EndGlobalSection
	GlobalSection(ExtensibilityGlobals) = postSolution
		SolutionGuid = {3D9F7715-083E-459D-B351-24E97A50ECA3}
	EndGlobalSection
EndGlobal
